
Microsoft Visual Studio Solution File, Format Version 12.00
# Visual Studio Version 16
VisualStudioVersion = 16.0.31321.278
MinimumVisualStudioVersion = 10.0.40219.1
Project("{9A19103F-16F7-4668-BE54-9A1E7A4F7556}") = "RUJulius2grow", "RUJulius2grow.csproj", "{944270C3-339E-46D0-B52D-BA5E4AA7352D}"
EndProject
Project("{2150E333-8FDC-42A3-9474-1A3956D46DE8}") = "Solution RUJulius2grow", "Solution RUJulius2grow", "{1CDC232B-ACA7-48FE-9032-B3D9C6148E80}"
	ProjectSection(SolutionItems) = preProject
		.editorconfig = .editorconfig
	EndProjectSection
EndProject
Global
	GlobalSection(SolutionConfigurationPlatforms) = preSolution
		Debug|Any CPU = Debug|Any CPU
		Release|Any CPU = Release|Any CPU
	EndGlobalSection
	GlobalSection(ProjectConfigurationPlatforms) = postSolution
		{944270C3-339E-46D0-B52D-BA5E4AA7352D}.Debug|Any CPU.ActiveCfg = Debug|Any CPU
		{944270C3-339E-46D0-B52D-BA5E4AA7352D}.Debug|Any CPU.Build.0 = Debug|Any CPU
		{944270C3-339E-46D0-B52D-BA5E4AA7352D}.Release|Any CPU.ActiveCfg = Release|Any CPU
		{944270C3-339E-46D0-B52D-BA5E4AA7352D}.Release|Any CPU.Build.0 = Release|Any CPU
	EndGlobalSection
	GlobalSection(SolutionProperties) = preSolution
		HideSolutionNode = FALSE
	EndGlobalSection
	GlobalSection(ExtensibilityGlobals) = postSolution
		SolutionGuid = {A4F6FCDD-2CB7-4745-9272-58D421D50AFB}
	EndGlobalSection
EndGlobal
